{
  "nodes": {
    "fenix": {
      "inputs": {
        "nixpkgs": [
          "nixpkgs"
        ],
        "rust-analyzer-src": [
          "rust-analyzer-src"
        ]
      },
      "locked": {
        "lastModified": 1725345102,
        "narHash": "sha256-VO8GFsFlvV9OJKxXM86Y141fAIoDlbqgbZ4EqqZ5vb8=",
        "ref": "refs/heads/main",
        "rev": "a13cbbf5407a16a60fcf82cdceb301cf87a65b41",
        "revCount": 1988,
        "type": "git",
        "url": "https://github.com/nix-community/fenix"
      },
      "original": {
        "type": "git",
        "url": "https://github.com/nix-community/fenix"
      }
    },
    "flake-parts": {
      "inputs": {
        "nixpkgs-lib": [
          "nixpkgs"
        ]
      },
      "locked": {
        "lastModified": 1725234343,
        "narHash": "sha256-+ebgonl3NbiKD2UD0x4BszCZQ6sTfL4xioaM49o5B3Y=",
        "ref": "refs/heads/main",
        "rev": "567b938d64d4b4112ee253b9274472dc3a346eb6",
        "revCount": 328,
        "type": "git",
        "url": "https://github.com/hercules-ci/flake-parts"
      },
      "original": {
        "type": "git",
        "url": "https://github.com/hercules-ci/flake-parts"
      }
    },
    "nixpkgs": {
      "locked": {
        "lastModified": 1725194671,
        "narHash": "sha256-tLGCFEFTB5TaOKkpfw3iYT9dnk4awTP/q4w+ROpMfuw=",
        "ref": "nixpkgs-unstable",
        "rev": "b833ff01a0d694b910daca6e2ff4a3f26dee478c",
        "revCount": 674705,
        "type": "git",
        "url": "https://github.com/nixos/nixpkgs"
      },
      "original": {
        "ref": "nixpkgs-unstable",
        "type": "git",
        "url": "https://github.com/nixos/nixpkgs"
      }
    },
    "process-compose-flake": {
      "locked": {
        "lastModified": 1724606023,
        "narHash": "sha256-rdGeNa/lCS8E1lXzPqgl+vZUUvnbEZT11Bqkx5jfYug=",
        "ref": "refs/heads/main",
        "rev": "f6ce9481df9aec739e4e06b67492401a5bb4f0b1",
        "revCount": 130,
        "type": "git",
        "url": "https://github.com/Platonic-Systems/process-compose-flake"
      },
      "original": {
        "type": "git",
        "url": "https://github.com/Platonic-Systems/process-compose-flake"
      }
    },
    "root": {
      "inputs": {
        "fenix": "fenix",
        "flake-parts": "flake-parts",
        "nixpkgs": "nixpkgs",
        "process-compose-flake": "process-compose-flake",
        "rust-analyzer-src": "rust-analyzer-src",
        "services-flake": "services-flake",
        "systems": "systems",
        "treefmt-nix": "treefmt-nix"
      }
    },
    "rust-analyzer-src": {
      "flake": false,
      "locked": {
        "lastModified": 1725296863,
        "narHash": "sha256-48BG4uhr6uj4yRPOWyeb9k1btmaGTV2Q3JoOs1Db/Cc=",
        "ref": "refs/tags/nightly",
        "rev": "304e5f58cdcdaeb6f005198e5e07f9ead0e03d34",
        "revCount": 31429,
        "type": "git",
        "url": "https://github.com/rust-lang/rust-analyzer"
      },
      "original": {
        "ref": "refs/tags/nightly",
        "type": "git",
        "url": "https://github.com/rust-lang/rust-analyzer"
      }
    },
    "services-flake": {
      "locked": {
        "lastModified": 1725150740,
        "narHash": "sha256-vUEy+hr1gK4dl72WNy/Ss0AEDVmAqF4T1BKS0jmwCAw=",
        "ref": "refs/heads/main",
        "rev": "113f8cbe962720d7d1d76d04700f3d441dada9f6",
        "revCount": 335,
        "type": "git",
        "url": "https://github.com/juspay/services-flake"
      },
      "original": {
        "type": "git",
        "url": "https://github.com/juspay/services-flake"
      }
    },
    "systems": {
      "locked": {
        "lastModified": 1681028828,
        "narHash": "sha256-Vy1rq5AaRuLzOxct8nz4T6wlgyUR7zLU309k9mBC768=",
        "ref": "refs/heads/main",
        "rev": "da67096a3b9bf56a91d16901293e51ba5b49a27e",
        "revCount": 3,
        "type": "git",
        "url": "https://github.com/nix-systems/default"
      },
      "original": {
        "type": "git",
        "url": "https://github.com/nix-systems/default"
      }
    },
    "treefmt-nix": {
      "inputs": {
        "nixpkgs": [
          "nixpkgs"
        ]
      },
      "locked": {
        "lastModified": 1725271838,
        "narHash": "sha256-VcqxWT0O/gMaeWTTjf1r4MOyG49NaNxW4GHTO3xuThE=",
        "ref": "refs/heads/main",
        "rev": "9fb342d14b69aefdf46187f6bb80a4a0d97007cd",
        "revCount": 317,
        "type": "git",
        "url": "https://github.com/numtide/treefmt-nix"
      },
      "original": {
        "type": "git",
        "url": "https://github.com/numtide/treefmt-nix"
      }
    }
  },
  "root": "root",
  "version": 7
}
