{
  "nodes": {
    "fenix": {
      "inputs": {
        "nixpkgs": [
          "nixpkgs"
        ],
        "rust-analyzer-src": [
          "rust-analyzer-src"
        ]
      },
      "locked": {
        "lastModified": 1725690497,
        "narHash": "sha256-5fT+96rV7Hx29HG+4/oBbr3V+yExKuLN2vcBcPbVBlU=",
        "ref": "refs/heads/main",
        "rev": "4b8d964df93d1f918ee6c4f003b3548c432cc866",
        "revCount": 1992,
        "type": "git",
        "url": "https://github.com/nix-community/fenix"
      },
      "original": {
        "type": "git",
        "url": "https://github.com/nix-community/fenix"
      }
    },
    "flake-parts": {
      "inputs": {
        "nixpkgs-lib": [
          "nixpkgs"
        ]
      },
      "locked": {
        "lastModified": 1725234343,
        "narHash": "sha256-+ebgonl3NbiKD2UD0x4BszCZQ6sTfL4xioaM49o5B3Y=",
        "ref": "refs/heads/main",
        "rev": "567b938d64d4b4112ee253b9274472dc3a346eb6",
        "revCount": 328,
        "type": "git",
        "url": "https://github.com/hercules-ci/flake-parts"
      },
      "original": {
        "type": "git",
        "url": "https://github.com/hercules-ci/flake-parts"
      }
    },
    "nixpkgs": {
      "locked": {
        "lastModified": 1725534445,
        "narHash": "sha256-Yd0FK9SkWy+ZPuNqUgmVPXokxDgMJoGuNpMEtkfcf84=",
        "ref": "nixpkgs-unstable",
        "rev": "9bb1e7571aadf31ddb4af77fc64b2d59580f9a39",
        "revCount": 676884,
        "type": "git",
        "url": "https://github.com/nixos/nixpkgs"
      },
      "original": {
        "ref": "nixpkgs-unstable",
        "type": "git",
        "url": "https://github.com/nixos/nixpkgs"
      }
    },
    "process-compose-flake": {
      "locked": {
        "lastModified": 1724606023,
        "narHash": "sha256-rdGeNa/lCS8E1lXzPqgl+vZUUvnbEZT11Bqkx5jfYug=",
        "ref": "refs/heads/main",
        "rev": "f6ce9481df9aec739e4e06b67492401a5bb4f0b1",
        "revCount": 130,
        "type": "git",
        "url": "https://github.com/Platonic-Systems/process-compose-flake"
      },
      "original": {
        "type": "git",
        "url": "https://github.com/Platonic-Systems/process-compose-flake"
      }
    },
    "root": {
      "inputs": {
        "fenix": "fenix",
        "flake-parts": "flake-parts",
        "nixpkgs": "nixpkgs",
        "process-compose-flake": "process-compose-flake",
        "rust-analyzer-src": "rust-analyzer-src",
        "services-flake": "services-flake",
        "systems": "systems",
        "treefmt-nix": "treefmt-nix"
      }
    },
    "rust-analyzer-src": {
      "flake": false,
      "locked": {
        "lastModified": 1725630423,
        "narHash": "sha256-gNCLk3Zg7JlAwmWbVHTH6f3+iqdeQ4fheOotCZy8x5M=",
        "ref": "refs/tags/nightly",
        "rev": "08c7bbc2dbe4dcc8968484f1a0e1e6fe7a1d4f6d",
        "revCount": 31464,
        "type": "git",
        "url": "https://github.com/rust-lang/rust-analyzer"
      },
      "original": {
        "ref": "refs/tags/nightly",
        "type": "git",
        "url": "https://github.com/rust-lang/rust-analyzer"
      }
    },
    "services-flake": {
      "locked": {
        "lastModified": 1725722005,
        "narHash": "sha256-05jRFTaESYbUb6+C1/pstarDGZLCrrwtM8+NJwSL4Us=",
        "ref": "refs/heads/main",
        "rev": "fbede4cbfd0f432ddb41e4cbe34acf93b76851a0",
        "revCount": 338,
        "type": "git",
        "url": "https://github.com/juspay/services-flake"
      },
      "original": {
        "type": "git",
        "url": "https://github.com/juspay/services-flake"
      }
    },
    "systems": {
      "locked": {
        "lastModified": 1681028828,
        "narHash": "sha256-Vy1rq5AaRuLzOxct8nz4T6wlgyUR7zLU309k9mBC768=",
        "ref": "refs/heads/main",
        "rev": "da67096a3b9bf56a91d16901293e51ba5b49a27e",
        "revCount": 3,
        "type": "git",
        "url": "https://github.com/nix-systems/default"
      },
      "original": {
        "type": "git",
        "url": "https://github.com/nix-systems/default"
      }
    },
    "treefmt-nix": {
      "inputs": {
        "nixpkgs": [
          "nixpkgs"
        ]
      },
      "locked": {
        "lastModified": 1725271838,
        "narHash": "sha256-VcqxWT0O/gMaeWTTjf1r4MOyG49NaNxW4GHTO3xuThE=",
        "ref": "refs/heads/main",
        "rev": "9fb342d14b69aefdf46187f6bb80a4a0d97007cd",
        "revCount": 317,
        "type": "git",
        "url": "https://github.com/numtide/treefmt-nix"
      },
      "original": {
        "type": "git",
        "url": "https://github.com/numtide/treefmt-nix"
      }
    }
  },
  "root": "root",
  "version": 7
}
