{
  "nodes": {
    "fenix": {
      "inputs": {
        "nixpkgs": [
          "nixpkgs"
        ],
        "rust-analyzer-src": [
          "rust-analyzer-src"
        ]
      },
      "locked": {
        "lastModified": 1726813972,
        "narHash": "sha256-t6turZgoSAVgj7hn5mxzNlLOeVeZvymFo8+ymB52q34=",
        "owner": "nix-community",
        "repo": "fenix",
        "rev": "251caeafc75b710282ee7e375800f75f4c8c5727",
        "type": "github"
      },
      "original": {
        "owner": "nix-community",
        "repo": "fenix",
        "type": "github"
      }
    },
    "flake-compat": {
      "flake": false,
      "locked": {
        "lastModified": 1696426674,
        "narHash": "sha256-kvjfFW7WAETZlt09AgDn1MrtKzP7t90Vf7vypd3OL1U=",
        "owner": "edolstra",
        "repo": "flake-compat",
        "rev": "0f9255e01c2351cc7d116c072cb317785dd33b33",
        "type": "github"
      },
      "original": {
        "owner": "edolstra",
        "repo": "flake-compat",
        "type": "github"
      }
    },
    "flake-parts": {
      "inputs": {
        "nixpkgs-lib": [
          "nixpkgs"
        ]
      },
      "locked": {
        "lastModified": 1726153070,
        "narHash": "sha256-HO4zgY0ekfwO5bX0QH/3kJ/h4KvUDFZg8YpkNwIbg1U=",
        "owner": "hercules-ci",
        "repo": "flake-parts",
        "rev": "bcef6817a8b2aa20a5a6dbb19b43e63c5bf8619a",
        "type": "github"
      },
      "original": {
        "owner": "hercules-ci",
        "repo": "flake-parts",
        "type": "github"
      }
    },
    "gitignore": {
      "inputs": {
        "nixpkgs": [
          "pre-commit-hooks",
          "nixpkgs"
        ]
      },
      "locked": {
        "lastModified": 1709087332,
        "narHash": "sha256-HG2cCnktfHsKV0s4XW83gU3F57gaTljL9KNSuG6bnQs=",
        "owner": "hercules-ci",
        "repo": "gitignore.nix",
        "rev": "637db329424fd7e46cf4185293b9cc8c88c95394",
        "type": "github"
      },
      "original": {
        "owner": "hercules-ci",
        "repo": "gitignore.nix",
        "type": "github"
      }
    },
    "nixpkgs": {
      "locked": {
        "lastModified": 1726652927,
        "narHash": "sha256-WO6Lmbn37PlamY2fDg3B187THkSKU/W01z8SxoIqJd0=",
        "owner": "nixos",
        "repo": "nixpkgs",
        "rev": "294eb5975def0caa718fca92dc5a9d656ae392a9",
        "type": "github"
      },
      "original": {
        "owner": "nixos",
        "ref": "nixpkgs-unstable",
        "repo": "nixpkgs",
        "type": "github"
      }
    },
    "pre-commit-hooks": {
      "inputs": {
        "flake-compat": "flake-compat",
        "gitignore": "gitignore",
        "nixpkgs": [
          "nixpkgs"
        ],
        "nixpkgs-stable": [
          "nixpkgs"
        ]
      },
      "locked": {
        "lastModified": 1726745158,
        "narHash": "sha256-D5AegvGoEjt4rkKedmxlSEmC+nNLMBPWFxvmYnVLhjk=",
        "owner": "cachix",
        "repo": "pre-commit-hooks.nix",
        "rev": "4e743a6920eab45e8ba0fbe49dc459f1423a4b74",
        "type": "github"
      },
      "original": {
        "owner": "cachix",
        "repo": "pre-commit-hooks.nix",
        "type": "github"
      }
    },
    "process-compose-flake": {
      "locked": {
        "lastModified": 1724606023,
        "narHash": "sha256-rdGeNa/lCS8E1lXzPqgl+vZUUvnbEZT11Bqkx5jfYug=",
        "owner": "Platonic-Systems",
        "repo": "process-compose-flake",
        "rev": "f6ce9481df9aec739e4e06b67492401a5bb4f0b1",
        "type": "github"
      },
      "original": {
        "owner": "Platonic-Systems",
        "repo": "process-compose-flake",
        "type": "github"
      }
    },
    "root": {
      "inputs": {
        "fenix": "fenix",
        "flake-parts": "flake-parts",
        "nixpkgs": "nixpkgs",
        "pre-commit-hooks": "pre-commit-hooks",
        "process-compose-flake": "process-compose-flake",
        "rust-analyzer-src": "rust-analyzer-src",
        "services-flake": "services-flake",
        "systems": "systems",
        "treefmt-nix": "treefmt-nix",
        "zarf-dev": "zarf-dev"
      }
    },
    "rust-analyzer-src": {
      "flake": false,
      "locked": {
        "lastModified": 1726443025,
        "narHash": "sha256-nCmG4NJpwI0IoIlYlwtDwVA49yuspA2E6OhfCOmiArQ=",
        "owner": "rust-lang",
        "repo": "rust-analyzer",
        "rev": "94b526fc86eaa0e90fb4d54a5ba6313aa1e9b269",
        "type": "github"
      },
      "original": {
        "owner": "rust-lang",
        "ref": "refs/tags/nightly",
        "repo": "rust-analyzer",
        "type": "github"
      }
    },
    "services-flake": {
      "locked": {
        "lastModified": 1726684739,
        "narHash": "sha256-XTPhu4CKydPlJJJIAH7XtWDRTvEAV5podwWenI9OvGY=",
        "owner": "juspay",
        "repo": "services-flake",
        "rev": "5960a2c553ba6f5efec8d6aad64219c8fa036e50",
        "type": "github"
      },
      "original": {
        "owner": "juspay",
        "repo": "services-flake",
        "type": "github"
      }
    },
    "systems": {
      "locked": {
        "lastModified": 1681028828,
        "narHash": "sha256-Vy1rq5AaRuLzOxct8nz4T6wlgyUR7zLU309k9mBC768=",
        "owner": "nix-systems",
        "repo": "default",
        "rev": "da67096a3b9bf56a91d16901293e51ba5b49a27e",
        "type": "github"
      },
      "original": {
        "owner": "nix-systems",
        "repo": "default",
        "type": "github"
      }
    },
    "treefmt-nix": {
      "inputs": {
        "nixpkgs": [
          "nixpkgs"
        ]
      },
      "locked": {
        "lastModified": 1726734507,
        "narHash": "sha256-VUH5O5AcOSxb0uL/m34dDkxFKP6WLQ6y4I1B4+N3L2w=",
        "owner": "numtide",
        "repo": "treefmt-nix",
        "rev": "ee41a466c2255a3abe6bc50fc6be927cdee57a9f",
        "type": "github"
      },
      "original": {
        "owner": "numtide",
        "repo": "treefmt-nix",
        "type": "github"
      }
    },
    "zarf-dev": {
      "flake": false,
      "locked": {
        "lastModified": 1726780931,
        "narHash": "sha256-tSMaDb8lflkedDa5ICXthqMpWBkHg+UQ20aTrF4+hUQ=",
        "owner": "zarf-dev",
        "repo": "zarf",
        "rev": "669777a1166d3904d35217c28b26e31f3f5b416b",
        "type": "github"
      },
      "original": {
        "owner": "zarf-dev",
        "ref": "v0.40.1",
        "repo": "zarf",
        "type": "github"
      }
    }
  },
  "root": "root",
  "version": 7
}
